// !$*UTF8*$!
{
	archiveVersion = 1;
	classes = {
	};
	objectVersion = 56;
	objects = {

/* Begin PBXBuildFile section */
		4D192A4D2C92961600B34FCA /* QrView.swift in Sources */ = {isa = PBXBuildFile; fileRef = 4D192A4C2C92961600B34FCA /* QrView.swift */; };
		4D192A502C93053E00B34FCA /* StudentSearchView.swift in Sources */ = {isa = PBXBuildFile; fileRef = 4D192A4F2C93053E00B34FCA /* StudentSearchView.swift */; };
		4D192A532C93055100B34FCA /* NoticeWriteView.swift in Sources */ = {isa = PBXBuildFile; fileRef = 4D192A522C93055100B34FCA /* NoticeWriteView.swift */; };
		4D3A8A6D2C89A41400AF486F /* KEEP_v2App.swift in Sources */ = {isa = PBXBuildFile; fileRef = 4D3A8A6C2C89A41400AF486F /* KEEP_v2App.swift */; };
		4D3A8A6F2C89A41400AF486F /* ContentView.swift in Sources */ = {isa = PBXBuildFile; fileRef = 4D3A8A6E2C89A41400AF486F /* ContentView.swift */; };
		4D3A8A712C89A41600AF486F /* Assets.xcassets in Resources */ = {isa = PBXBuildFile; fileRef = 4D3A8A702C89A41600AF486F /* Assets.xcassets */; };
		4D3A8A742C89A41600AF486F /* Preview Assets.xcassets in Resources */ = {isa = PBXBuildFile; fileRef = 4D3A8A732C89A41600AF486F /* Preview Assets.xcassets */; };
		4D3A8A7C2C89A77200AF486F /* StartView.swift in Sources */ = {isa = PBXBuildFile; fileRef = 4D3A8A7B2C89A77200AF486F /* StartView.swift */; };
		4D3A8A7E2C89A9CD00AF486F /* Color.swift in Sources */ = {isa = PBXBuildFile; fileRef = 4D3A8A7D2C89A9CD00AF486F /* Color.swift */; };
		4D3A8A802C89BD0000AF486F /* FirstView.swift in Sources */ = {isa = PBXBuildFile; fileRef = 4D3A8A7F2C89BD0000AF486F /* FirstView.swift */; };
		4D3A8A822C89BD0700AF486F /* SecondView.swift in Sources */ = {isa = PBXBuildFile; fileRef = 4D3A8A812C89BD0700AF486F /* SecondView.swift */; };
		4D3A8A842C89BD2300AF486F /* ThirdView.swift in Sources */ = {isa = PBXBuildFile; fileRef = 4D3A8A832C89BD2300AF486F /* ThirdView.swift */; };
		4D5DA8422CA057A800EB560D /* NameSearchView.swift in Sources */ = {isa = PBXBuildFile; fileRef = 4D5DA8412CA057A800EB560D /* NameSearchView.swift */; };
		4D7011722C9C32D800FB2D09 /* MypageView.swift in Sources */ = {isa = PBXBuildFile; fileRef = 4D7011712C9C32D800FB2D09 /* MypageView.swift */; };
		4DB0AB9C2C8FC09000144483 /* Alamofire in Frameworks */ = {isa = PBXBuildFile; productRef = 4DB0AB9B2C8FC09000144483 /* Alamofire */; };
		4DB0ABA22C8FDD8100144483 /* API.swift in Sources */ = {isa = PBXBuildFile; fileRef = 4DB0ABA12C8FDD8100144483 /* API.swift */; };
		4DB0ABA42C8FE14500144483 /* UserDefaultsManager.swift in Sources */ = {isa = PBXBuildFile; fileRef = 4DB0ABA32C8FE14500144483 /* UserDefaultsManager.swift */; };
		4DB0ABA72C8FE34D00144483 /* LoginView.swift in Sources */ = {isa = PBXBuildFile; fileRef = 4DB0ABA62C8FE34D00144483 /* LoginView.swift */; };
		4DB0ABA92C8FE8D500144483 /* TeacherHomeView.swift in Sources */ = {isa = PBXBuildFile; fileRef = 4DB0ABA82C8FE8D500144483 /* TeacherHomeView.swift */; };
		4DB0ABAB2C8FE8F600144483 /* StudentHomeView.swift in Sources */ = {isa = PBXBuildFile; fileRef = 4DB0ABAA2C8FE8F600144483 /* StudentHomeView.swift */; };
		4DB0ABAE2C9163A200144483 /* NoticeView.swift in Sources */ = {isa = PBXBuildFile; fileRef = 4DB0ABAD2C9163A200144483 /* NoticeView.swift */; };
		4DF478582C89C3DA0078111B /* SelectView.swift in Sources */ = {isa = PBXBuildFile; fileRef = 4DF478572C89C3DA0078111B /* SelectView.swift */; };
		4DF4785E2C8ED76A0078111B /* SignUpData.swift in Sources */ = {isa = PBXBuildFile; fileRef = 4DF4785D2C8ED76A0078111B /* SignUpData.swift */; };
		4DF478602C8ED7810078111B /* SignUpViewModel.swift in Sources */ = {isa = PBXBuildFile; fileRef = 4DF4785F2C8ED7810078111B /* SignUpViewModel.swift */; };
		60B9E1B62CA1A4E400B2F371 /* StudentInfoView.swift in Sources */ = {isa = PBXBuildFile; fileRef = 60B9E1B52CA1A4E400B2F371 /* StudentInfoView.swift */; };
		60C65F072CB17E3100591C24 /* LendLateWaringView.swift in Sources */ = {isa = PBXBuildFile; fileRef = 60C65F062CB17E3100591C24 /* LendLateWaringView.swift */; };
		60C65F0A2CB17F5D00591C24 /* SDWebImageSwiftUI in Frameworks */ = {isa = PBXBuildFile; productRef = 60C65F092CB17F5D00591C24 /* SDWebImageSwiftUI */; };
		60EA6A7D2CA3D288006622A4 /* NoticeViewModel.swift in Sources */ = {isa = PBXBuildFile; fileRef = 60EA6A7C2CA3D288006622A4 /* NoticeViewModel.swift */; };
		60EA6A7F2CA64E1C006622A4 /* DeviceViewModel.swift in Sources */ = {isa = PBXBuildFile; fileRef = 60EA6A7E2CA64E1C006622A4 /* DeviceViewModel.swift */; };
		60EA6A812CA64EBC006622A4 /* BookViewModel.swift in Sources */ = {isa = PBXBuildFile; fileRef = 60EA6A802CA64EBC006622A4 /* BookViewModel.swift */; };
		60EA6A832CAA46D4006622A4 /* MypageViewModel.swift in Sources */ = {isa = PBXBuildFile; fileRef = 60EA6A822CAA46D4006622A4 /* MypageViewModel.swift */; };
		60EA6A852CABD7DE006622A4 /* StudentSearchViewModel.swift in Sources */ = {isa = PBXBuildFile; fileRef = 60EA6A842CABD7DE006622A4 /* StudentSearchViewModel.swift */; };
/* End PBXBuildFile section */

/* Begin PBXFileReference section */
		4D192A4C2C92961600B34FCA /* QrView.swift */ = {isa = PBXFileReference; lastKnownFileType = sourcecode.swift; path = QrView.swift; sourceTree = "<group>"; };
		4D192A4F2C93053E00B34FCA /* StudentSearchView.swift */ = {isa = PBXFileReference; lastKnownFileType = sourcecode.swift; path = StudentSearchView.swift; sourceTree = "<group>"; };
		4D192A522C93055100B34FCA /* NoticeWriteView.swift */ = {isa = PBXFileReference; lastKnownFileType = sourcecode.swift; path = NoticeWriteView.swift; sourceTree = "<group>"; };
		4D3A8A692C89A41400AF486F /* KEEP_v2.app */ = {isa = PBXFileReference; explicitFileType = wrapper.application; includeInIndex = 0; path = KEEP_v2.app; sourceTree = BUILT_PRODUCTS_DIR; };
		4D3A8A6C2C89A41400AF486F /* KEEP_v2App.swift */ = {isa = PBXFileReference; lastKnownFileType = sourcecode.swift; path = KEEP_v2App.swift; sourceTree = "<group>"; };
		4D3A8A6E2C89A41400AF486F /* ContentView.swift */ = {isa = PBXFileReference; lastKnownFileType = sourcecode.swift; path = ContentView.swift; sourceTree = "<group>"; };
		4D3A8A702C89A41600AF486F /* Assets.xcassets */ = {isa = PBXFileReference; lastKnownFileType = folder.assetcatalog; path = Assets.xcassets; sourceTree = "<group>"; };
		4D3A8A732C89A41600AF486F /* Preview Assets.xcassets */ = {isa = PBXFileReference; lastKnownFileType = folder.assetcatalog; path = "Preview Assets.xcassets"; sourceTree = "<group>"; };
		4D3A8A7B2C89A77200AF486F /* StartView.swift */ = {isa = PBXFileReference; lastKnownFileType = sourcecode.swift; path = StartView.swift; sourceTree = "<group>"; };
		4D3A8A7D2C89A9CD00AF486F /* Color.swift */ = {isa = PBXFileReference; lastKnownFileType = sourcecode.swift; path = Color.swift; sourceTree = "<group>"; };
		4D3A8A7F2C89BD0000AF486F /* FirstView.swift */ = {isa = PBXFileReference; lastKnownFileType = sourcecode.swift; path = FirstView.swift; sourceTree = "<group>"; };
		4D3A8A812C89BD0700AF486F /* SecondView.swift */ = {isa = PBXFileReference; lastKnownFileType = sourcecode.swift; path = SecondView.swift; sourceTree = "<group>"; };
		4D3A8A832C89BD2300AF486F /* ThirdView.swift */ = {isa = PBXFileReference; lastKnownFileType = sourcecode.swift; path = ThirdView.swift; sourceTree = "<group>"; };
		4D5DA8412CA057A800EB560D /* NameSearchView.swift */ = {isa = PBXFileReference; lastKnownFileType = sourcecode.swift; path = NameSearchView.swift; sourceTree = "<group>"; };
		4D7011712C9C32D800FB2D09 /* MypageView.swift */ = {isa = PBXFileReference; lastKnownFileType = sourcecode.swift; path = MypageView.swift; sourceTree = "<group>"; };
		4DB0AB9D2C8FC1B800144483 /* KEEP-v2-Info.plist */ = {isa = PBXFileReference; lastKnownFileType = text.plist; path = "KEEP-v2-Info.plist"; sourceTree = SOURCE_ROOT; };
		4DB0ABA12C8FDD8100144483 /* API.swift */ = {isa = PBXFileReference; lastKnownFileType = sourcecode.swift; path = API.swift; sourceTree = "<group>"; };
		4DB0ABA32C8FE14500144483 /* UserDefaultsManager.swift */ = {isa = PBXFileReference; lastKnownFileType = sourcecode.swift; path = UserDefaultsManager.swift; sourceTree = "<group>"; };
		4DB0ABA62C8FE34D00144483 /* LoginView.swift */ = {isa = PBXFileReference; lastKnownFileType = sourcecode.swift; path = LoginView.swift; sourceTree = "<group>"; };
		4DB0ABA82C8FE8D500144483 /* TeacherHomeView.swift */ = {isa = PBXFileReference; lastKnownFileType = sourcecode.swift; path = TeacherHomeView.swift; sourceTree = "<group>"; };
		4DB0ABAA2C8FE8F600144483 /* StudentHomeView.swift */ = {isa = PBXFileReference; lastKnownFileType = sourcecode.swift; path = StudentHomeView.swift; sourceTree = "<group>"; };
		4DB0ABAD2C9163A200144483 /* NoticeView.swift */ = {isa = PBXFileReference; lastKnownFileType = sourcecode.swift; path = NoticeView.swift; sourceTree = "<group>"; };
		4DF478572C89C3DA0078111B /* SelectView.swift */ = {isa = PBXFileReference; lastKnownFileType = sourcecode.swift; path = SelectView.swift; sourceTree = "<group>"; };
		4DF4785D2C8ED76A0078111B /* SignUpData.swift */ = {isa = PBXFileReference; lastKnownFileType = sourcecode.swift; path = SignUpData.swift; sourceTree = "<group>"; };
		4DF4785F2C8ED7810078111B /* SignUpViewModel.swift */ = {isa = PBXFileReference; lastKnownFileType = sourcecode.swift; path = SignUpViewModel.swift; sourceTree = "<group>"; };
		60B9E1B52CA1A4E400B2F371 /* StudentInfoView.swift */ = {isa = PBXFileReference; lastKnownFileType = sourcecode.swift; path = StudentInfoView.swift; sourceTree = "<group>"; };
		60C65F062CB17E3100591C24 /* LendLateWaringView.swift */ = {isa = PBXFileReference; lastKnownFileType = sourcecode.swift; path = LendLateWaringView.swift; sourceTree = "<group>"; };
		60EA6A7C2CA3D288006622A4 /* NoticeViewModel.swift */ = {isa = PBXFileReference; lastKnownFileType = sourcecode.swift; path = NoticeViewModel.swift; sourceTree = "<group>"; };
		60EA6A7E2CA64E1C006622A4 /* DeviceViewModel.swift */ = {isa = PBXFileReference; lastKnownFileType = sourcecode.swift; path = DeviceViewModel.swift; sourceTree = "<group>"; };
		60EA6A802CA64EBC006622A4 /* BookViewModel.swift */ = {isa = PBXFileReference; lastKnownFileType = sourcecode.swift; path = BookViewModel.swift; sourceTree = "<group>"; };
		60EA6A822CAA46D4006622A4 /* MypageViewModel.swift */ = {isa = PBXFileReference; lastKnownFileType = sourcecode.swift; path = MypageViewModel.swift; sourceTree = "<group>"; };
		60EA6A842CABD7DE006622A4 /* StudentSearchViewModel.swift */ = {isa = PBXFileReference; lastKnownFileType = sourcecode.swift; path = StudentSearchViewModel.swift; sourceTree = "<group>"; };
/* End PBXFileReference section */

/* Begin PBXFrameworksBuildPhase section */
		4D3A8A662C89A41400AF486F /* Frameworks */ = {
			isa = PBXFrameworksBuildPhase;
			buildActionMask = 2147483647;
			files = (
				60C65F0A2CB17F5D00591C24 /* SDWebImageSwiftUI in Frameworks */,
				4DB0AB9C2C8FC09000144483 /* Alamofire in Frameworks */,
			);
			runOnlyForDeploymentPostprocessing = 0;
		};
/* End PBXFrameworksBuildPhase section */

/* Begin PBXGroup section */
		4D192A4E2C93053300B34FCA /* Search */ = {
			isa = PBXGroup;
			children = (
				4D192A4F2C93053E00B34FCA /* StudentSearchView.swift */,
				60EA6A842CABD7DE006622A4 /* StudentSearchViewModel.swift */,
				4D5DA8412CA057A800EB560D /* NameSearchView.swift */,
				60B9E1B52CA1A4E400B2F371 /* StudentInfoView.swift */,
			);
			path = Search;
			sourceTree = "<group>";
		};
		4D192A512C93054700B34FCA /* Notice */ = {
			isa = PBXGroup;
			children = (
				4D192A522C93055100B34FCA /* NoticeWriteView.swift */,
			);
			path = Notice;
			sourceTree = "<group>";
		};
		4D3A8A602C89A41400AF486F = {
			isa = PBXGroup;
			children = (
				4D3A8A6B2C89A41400AF486F /* KEEP_v2 */,
				4D3A8A6A2C89A41400AF486F /* Products */,
			);
			sourceTree = "<group>";
		};
		4D3A8A6A2C89A41400AF486F /* Products */ = {
			isa = PBXGroup;
			children = (
				4D3A8A692C89A41400AF486F /* KEEP_v2.app */,
			);
			name = Products;
			sourceTree = "<group>";
		};
		4D3A8A6B2C89A41400AF486F /* KEEP_v2 */ = {
			isa = PBXGroup;
			children = (
				4DB0AB9D2C8FC1B800144483 /* KEEP-v2-Info.plist */,
				4DB0ABA12C8FDD8100144483 /* API.swift */,
				4D3A8A6C2C89A41400AF486F /* KEEP_v2App.swift */,
				4D3A8A6E2C89A41400AF486F /* ContentView.swift */,
				4D3A8A7D2C89A9CD00AF486F /* Color.swift */,
				4DB0ABA32C8FE14500144483 /* UserDefaultsManager.swift */,
				4DB0ABA02C8FDCB600144483 /* Teacher */,
				4DB0ABAC2C8FE8FB00144483 /* Student */,
				4D3A8A7A2C89A75900AF486F /* Login & Sign Up */,
				4D3A8A702C89A41600AF486F /* Assets.xcassets */,
				4D3A8A722C89A41600AF486F /* Preview Content */,
			);
			path = KEEP_v2;
			sourceTree = "<group>";
		};
		4D3A8A722C89A41600AF486F /* Preview Content */ = {
			isa = PBXGroup;
			children = (
				4D3A8A732C89A41600AF486F /* Preview Assets.xcassets */,
			);
			path = "Preview Content";
			sourceTree = "<group>";
		};
		4D3A8A7A2C89A75900AF486F /* Login & Sign Up */ = {
			isa = PBXGroup;
			children = (
				4D3A8A7B2C89A77200AF486F /* StartView.swift */,
				4DB0ABA52C8FE33D00144483 /* Login */,
				4D3A8A852C89BD2600AF486F /* SignUp */,
			);
			path = "Login & Sign Up";
			sourceTree = "<group>";
		};
		4D3A8A852C89BD2600AF486F /* SignUp */ = {
			isa = PBXGroup;
			children = (
				4DF478572C89C3DA0078111B /* SelectView.swift */,
				4D3A8A7F2C89BD0000AF486F /* FirstView.swift */,
				4D3A8A812C89BD0700AF486F /* SecondView.swift */,
				4D3A8A832C89BD2300AF486F /* ThirdView.swift */,
				4DF4785D2C8ED76A0078111B /* SignUpData.swift */,
				4DF4785F2C8ED7810078111B /* SignUpViewModel.swift */,
			);
			path = SignUp;
			sourceTree = "<group>";
		};
		4DB0ABA02C8FDCB600144483 /* Teacher */ = {
			isa = PBXGroup;
			children = (
				4DB0ABA82C8FE8D500144483 /* TeacherHomeView.swift */,
				4D192A512C93054700B34FCA /* Notice */,
				4D192A4E2C93053300B34FCA /* Search */,
			);
			path = Teacher;
			sourceTree = "<group>";
		};
		4DB0ABA52C8FE33D00144483 /* Login */ = {
			isa = PBXGroup;
			children = (
				4DB0ABA62C8FE34D00144483 /* LoginView.swift */,
			);
			path = Login;
			sourceTree = "<group>";
		};
		4DB0ABAC2C8FE8FB00144483 /* Student */ = {
			isa = PBXGroup;
			children = (
				4DB0ABAA2C8FE8F600144483 /* StudentHomeView.swift */,
				60EA6A7E2CA64E1C006622A4 /* DeviceViewModel.swift */,
				60EA6A802CA64EBC006622A4 /* BookViewModel.swift */,
				4DBE41772C9C104100C06E87 /* Notice */,
				4D192A4C2C92961600B34FCA /* QrView.swift */,
				4D7011712C9C32D800FB2D09 /* MypageView.swift */,
				60EA6A822CAA46D4006622A4 /* MypageViewModel.swift */,
				60C65F062CB17E3100591C24 /* LendLateWaringView.swift */,
			);
			path = Student;
			sourceTree = "<group>";
		};
		4DBE41772C9C104100C06E87 /* Notice */ = {
			isa = PBXGroup;
			children = (
				4DB0ABAD2C9163A200144483 /* NoticeView.swift */,
				60EA6A7C2CA3D288006622A4 /* NoticeViewModel.swift */,
			);
			path = Notice;
			sourceTree = "<group>";
		};
/* End PBXGroup section */

/* Begin PBXNativeTarget section */
		4D3A8A682C89A41400AF486F /* KEEP_v2 */ = {
			isa = PBXNativeTarget;
			buildConfigurationList = 4D3A8A772C89A41600AF486F /* Build configuration list for PBXNativeTarget "KEEP_v2" */;
			buildPhases = (
				4D3A8A652C89A41400AF486F /* Sources */,
				4D3A8A662C89A41400AF486F /* Frameworks */,
				4D3A8A672C89A41400AF486F /* Resources */,
			);
			buildRules = (
			);
			dependencies = (
			);
			name = KEEP_v2;
			packageProductDependencies = (
				4DB0AB9B2C8FC09000144483 /* Alamofire */,
				60C65F092CB17F5D00591C24 /* SDWebImageSwiftUI */,
			);
			productName = KEEP_v2;
			productReference = 4D3A8A692C89A41400AF486F /* KEEP_v2.app */;
			productType = "com.apple.product-type.application";
		};
/* End PBXNativeTarget section */

/* Begin PBXProject section */
		4D3A8A612C89A41400AF486F /* Project object */ = {
			isa = PBXProject;
			attributes = {
				BuildIndependentTargetsInParallel = 1;
				LastSwiftUpdateCheck = 1540;
				LastUpgradeCheck = 1540;
				TargetAttributes = {
					4D3A8A682C89A41400AF486F = {
						CreatedOnToolsVersion = 15.4;
					};
				};
			};
			buildConfigurationList = 4D3A8A642C89A41400AF486F /* Build configuration list for PBXProject "KEEP_v2" */;
			compatibilityVersion = "Xcode 14.0";
			developmentRegion = en;
			hasScannedForEncodings = 0;
			knownRegions = (
				en,
				Base,
			);
			mainGroup = 4D3A8A602C89A41400AF486F;
			packageReferences = (
				4DB0AB9A2C8FC09000144483 /* XCRemoteSwiftPackageReference "Alamofire" */,
				60C65F082CB17F5D00591C24 /* XCRemoteSwiftPackageReference "SDWebImageSwiftUI" */,
			);
			productRefGroup = 4D3A8A6A2C89A41400AF486F /* Products */;
			projectDirPath = "";
			projectRoot = "";
			targets = (
				4D3A8A682C89A41400AF486F /* KEEP_v2 */,
			);
		};
/* End PBXProject section */

/* Begin PBXResourcesBuildPhase section */
		4D3A8A672C89A41400AF486F /* Resources */ = {
			isa = PBXResourcesBuildPhase;
			buildActionMask = 2147483647;
			files = (
				4D3A8A742C89A41600AF486F /* Preview Assets.xcassets in Resources */,
				4D3A8A712C89A41600AF486F /* Assets.xcassets in Resources */,
			);
			runOnlyForDeploymentPostprocessing = 0;
		};
/* End PBXResourcesBuildPhase section */

/* Begin PBXSourcesBuildPhase section */
		4D3A8A652C89A41400AF486F /* Sources */ = {
			isa = PBXSourcesBuildPhase;
			buildActionMask = 2147483647;
			files = (
				4D3A8A842C89BD2300AF486F /* ThirdView.swift in Sources */,
				4D5DA8422CA057A800EB560D /* NameSearchView.swift in Sources */,
				4D192A532C93055100B34FCA /* NoticeWriteView.swift in Sources */,
				4DB0ABAB2C8FE8F600144483 /* StudentHomeView.swift in Sources */,
				4D3A8A822C89BD0700AF486F /* SecondView.swift in Sources */,
				4DF478602C8ED7810078111B /* SignUpViewModel.swift in Sources */,
				4DB0ABA42C8FE14500144483 /* UserDefaultsManager.swift in Sources */,
				4D3A8A7C2C89A77200AF486F /* StartView.swift in Sources */,
				4D3A8A802C89BD0000AF486F /* FirstView.swift in Sources */,
				4DF4785E2C8ED76A0078111B /* SignUpData.swift in Sources */,
				4D7011722C9C32D800FB2D09 /* MypageView.swift in Sources */,
				4DB0ABAE2C9163A200144483 /* NoticeView.swift in Sources */,
				4D3A8A7E2C89A9CD00AF486F /* Color.swift in Sources */,
				60EA6A812CA64EBC006622A4 /* BookViewModel.swift in Sources */,
				4DB0ABA72C8FE34D00144483 /* LoginView.swift in Sources */,
				4D3A8A6F2C89A41400AF486F /* ContentView.swift in Sources */,
				60B9E1B62CA1A4E400B2F371 /* StudentInfoView.swift in Sources */,
				60EA6A832CAA46D4006622A4 /* MypageViewModel.swift in Sources */,
				4DB0ABA92C8FE8D500144483 /* TeacherHomeView.swift in Sources */,
				60EA6A7F2CA64E1C006622A4 /* DeviceViewModel.swift in Sources */,
				4DF478582C89C3DA0078111B /* SelectView.swift in Sources */,
				4DB0ABA22C8FDD8100144483 /* API.swift in Sources */,
				4D3A8A6D2C89A41400AF486F /* KEEP_v2App.swift in Sources */,
				4D192A502C93053E00B34FCA /* StudentSearchView.swift in Sources */,
				60EA6A852CABD7DE006622A4 /* StudentSearchViewModel.swift in Sources */,
				60EA6A7D2CA3D288006622A4 /* NoticeViewModel.swift in Sources */,
				4D192A4D2C92961600B34FCA /* QrView.swift in Sources */,
				60C65F072CB17E3100591C24 /* LendLateWaringView.swift in Sources */,
			);
			runOnlyForDeploymentPostprocessing = 0;
		};
/* End PBXSourcesBuildPhase section */

/* Begin XCBuildConfiguration section */
		4D3A8A752C89A41600AF486F /* Debug */ = {
			isa = XCBuildConfiguration;
			buildSettings = {
				ALWAYS_SEARCH_USER_PATHS = NO;
				ASSETCATALOG_COMPILER_GENERATE_SWIFT_ASSET_SYMBOL_EXTENSIONS = YES;
				CLANG_ANALYZER_NONNULL = YES;
				CLANG_ANALYZER_NUMBER_OBJECT_CONVERSION = YES_AGGRESSIVE;
				CLANG_CXX_LANGUAGE_STANDARD = "gnu++20";
				CLANG_ENABLE_MODULES = YES;
				CLANG_ENABLE_OBJC_ARC = YES;
				CLANG_ENABLE_OBJC_WEAK = YES;
				CLANG_WARN_BLOCK_CAPTURE_AUTORELEASING = YES;
				CLANG_WARN_BOOL_CONVERSION = YES;
				CLANG_WARN_COMMA = YES;
				CLANG_WARN_CONSTANT_CONVERSION = YES;
				CLANG_WARN_DEPRECATED_OBJC_IMPLEMENTATIONS = YES;
				CLANG_WARN_DIRECT_OBJC_ISA_USAGE = YES_ERROR;
				CLANG_WARN_DOCUMENTATION_COMMENTS = YES;
				CLANG_WARN_EMPTY_BODY = YES;
				CLANG_WARN_ENUM_CONVERSION = YES;
				CLANG_WARN_INFINITE_RECURSION = YES;
				CLANG_WARN_INT_CONVERSION = YES;
				CLANG_WARN_NON_LITERAL_NULL_CONVERSION = YES;
				CLANG_WARN_OBJC_IMPLICIT_RETAIN_SELF = YES;
				CLANG_WARN_OBJC_LITERAL_CONVERSION = YES;
				CLANG_WARN_OBJC_ROOT_CLASS = YES_ERROR;
				CLANG_WARN_QUOTED_INCLUDE_IN_FRAMEWORK_HEADER = YES;
				CLANG_WARN_RANGE_LOOP_ANALYSIS = YES;
				CLANG_WARN_STRICT_PROTOTYPES = YES;
				CLANG_WARN_SUSPICIOUS_MOVE = YES;
				CLANG_WARN_UNGUARDED_AVAILABILITY = YES_AGGRESSIVE;
				CLANG_WARN_UNREACHABLE_CODE = YES;
				CLANG_WARN__DUPLICATE_METHOD_MATCH = YES;
				COPY_PHASE_STRIP = NO;
				DEBUG_INFORMATION_FORMAT = dwarf;
				ENABLE_STRICT_OBJC_MSGSEND = YES;
				ENABLE_TESTABILITY = YES;
				ENABLE_USER_SCRIPT_SANDBOXING = YES;
				GCC_C_LANGUAGE_STANDARD = gnu17;
				GCC_DYNAMIC_NO_PIC = NO;
				GCC_NO_COMMON_BLOCKS = YES;
				GCC_OPTIMIZATION_LEVEL = 0;
				GCC_PREPROCESSOR_DEFINITIONS = (
					"DEBUG=1",
					"$(inherited)",
				);
				GCC_WARN_64_TO_32_BIT_CONVERSION = YES;
				GCC_WARN_ABOUT_RETURN_TYPE = YES_ERROR;
				GCC_WARN_UNDECLARED_SELECTOR = YES;
				GCC_WARN_UNINITIALIZED_AUTOS = YES_AGGRESSIVE;
				GCC_WARN_UNUSED_FUNCTION = YES;
				GCC_WARN_UNUSED_VARIABLE = YES;
				IPHONEOS_DEPLOYMENT_TARGET = 17.5;
				LOCALIZATION_PREFERS_STRING_CATALOGS = YES;
				MTL_ENABLE_DEBUG_INFO = INCLUDE_SOURCE;
				MTL_FAST_MATH = YES;
				ONLY_ACTIVE_ARCH = YES;
				SDKROOT = iphoneos;
				SWIFT_ACTIVE_COMPILATION_CONDITIONS = "DEBUG $(inherited)";
				SWIFT_OPTIMIZATION_LEVEL = "-Onone";
			};
			name = Debug;
		};
		4D3A8A762C89A41600AF486F /* Release */ = {
			isa = XCBuildConfiguration;
			buildSettings = {
				ALWAYS_SEARCH_USER_PATHS = NO;
				ASSETCATALOG_COMPILER_GENERATE_SWIFT_ASSET_SYMBOL_EXTENSIONS = YES;
				CLANG_ANALYZER_NONNULL = YES;
				CLANG_ANALYZER_NUMBER_OBJECT_CONVERSION = YES_AGGRESSIVE;
				CLANG_CXX_LANGUAGE_STANDARD = "gnu++20";
				CLANG_ENABLE_MODULES = YES;
				CLANG_ENABLE_OBJC_ARC = YES;
				CLANG_ENABLE_OBJC_WEAK = YES;
				CLANG_WARN_BLOCK_CAPTURE_AUTORELEASING = YES;
				CLANG_WARN_BOOL_CONVERSION = YES;
				CLANG_WARN_COMMA = YES;
				CLANG_WARN_CONSTANT_CONVERSION = YES;
				CLANG_WARN_DEPRECATED_OBJC_IMPLEMENTATIONS = YES;
				CLANG_WARN_DIRECT_OBJC_ISA_USAGE = YES_ERROR;
				CLANG_WARN_DOCUMENTATION_COMMENTS = YES;
				CLANG_WARN_EMPTY_BODY = YES;
				CLANG_WARN_ENUM_CONVERSION = YES;
				CLANG_WARN_INFINITE_RECURSION = YES;
				CLANG_WARN_INT_CONVERSION = YES;
				CLANG_WARN_NON_LITERAL_NULL_CONVERSION = YES;
				CLANG_WARN_OBJC_IMPLICIT_RETAIN_SELF = YES;
				CLANG_WARN_OBJC_LITERAL_CONVERSION = YES;
				CLANG_WARN_OBJC_ROOT_CLASS = YES_ERROR;
				CLANG_WARN_QUOTED_INCLUDE_IN_FRAMEWORK_HEADER = YES;
				CLANG_WARN_RANGE_LOOP_ANALYSIS = YES;
				CLANG_WARN_STRICT_PROTOTYPES = YES;
				CLANG_WARN_SUSPICIOUS_MOVE = YES;
				CLANG_WARN_UNGUARDED_AVAILABILITY = YES_AGGRESSIVE;
				CLANG_WARN_UNREACHABLE_CODE = YES;
				CLANG_WARN__DUPLICATE_METHOD_MATCH = YES;
				COPY_PHASE_STRIP = NO;
				DEBUG_INFORMATION_FORMAT = "dwarf-with-dsym";
				ENABLE_NS_ASSERTIONS = NO;
				ENABLE_STRICT_OBJC_MSGSEND = YES;
				ENABLE_USER_SCRIPT_SANDBOXING = YES;
				GCC_C_LANGUAGE_STANDARD = gnu17;
				GCC_NO_COMMON_BLOCKS = YES;
				GCC_WARN_64_TO_32_BIT_CONVERSION = YES;
				GCC_WARN_ABOUT_RETURN_TYPE = YES_ERROR;
				GCC_WARN_UNDECLARED_SELECTOR = YES;
				GCC_WARN_UNINITIALIZED_AUTOS = YES_AGGRESSIVE;
				GCC_WARN_UNUSED_FUNCTION = YES;
				GCC_WARN_UNUSED_VARIABLE = YES;
				IPHONEOS_DEPLOYMENT_TARGET = 17.5;
				LOCALIZATION_PREFERS_STRING_CATALOGS = YES;
				MTL_ENABLE_DEBUG_INFO = NO;
				MTL_FAST_MATH = YES;
				SDKROOT = iphoneos;
				SWIFT_COMPILATION_MODE = wholemodule;
				VALIDATE_PRODUCT = YES;
			};
			name = Release;
		};
		4D3A8A782C89A41600AF486F /* Debug */ = {
			isa = XCBuildConfiguration;
			buildSettings = {
				ASSETCATALOG_COMPILER_APPICON_NAME = AppIcon;
				ASSETCATALOG_COMPILER_GLOBAL_ACCENT_COLOR_NAME = AccentColor;
				CODE_SIGN_STYLE = Automatic;
				CURRENT_PROJECT_VERSION = 1;
				DEVELOPMENT_ASSET_PATHS = "\"KEEP_v2/Preview Content\"";
				DEVELOPMENT_TEAM = ZTJ578GV68;
				ENABLE_PREVIEWS = YES;
				GENERATE_INFOPLIST_FILE = YES;
				INFOPLIST_FILE = "KEEP-v2-Info.plist";
				INFOPLIST_KEY_LSApplicationCategoryType = "public.app-category.education";
				INFOPLIST_KEY_UIApplicationSceneManifest_Generation = YES;
				INFOPLIST_KEY_UIApplicationSupportsIndirectInputEvents = YES;
				INFOPLIST_KEY_UILaunchScreen_Generation = YES;
				INFOPLIST_KEY_UISupportedInterfaceOrientations_iPad = "UIInterfaceOrientationPortrait UIInterfaceOrientationPortraitUpsideDown UIInterfaceOrientationLandscapeLeft UIInterfaceOrientationLandscapeRight";
				INFOPLIST_KEY_UISupportedInterfaceOrientations_iPhone = "UIInterfaceOrientationPortrait UIInterfaceOrientationLandscapeLeft UIInterfaceOrientationLandscapeRight";
				LD_RUNPATH_SEARCH_PATHS = (
					"$(inherited)",
					"@executable_path/Frameworks",
				);
				MARKETING_VERSION = 1.0;
				PRODUCT_BUNDLE_IDENTIFIER = com.bibiga.keepgoing;
				PRODUCT_NAME = "$(TARGET_NAME)";
				SWIFT_EMIT_LOC_STRINGS = YES;
				SWIFT_VERSION = 5.0;
				TARGETED_DEVICE_FAMILY = "1,2";
			};
			name = Debug;
		};
		4D3A8A792C89A41600AF486F /* Release */ = {
			isa = XCBuildConfiguration;
			buildSettings = {
				ASSETCATALOG_COMPILER_APPICON_NAME = AppIcon;
				ASSETCATALOG_COMPILER_GLOBAL_ACCENT_COLOR_NAME = AccentColor;
				CODE_SIGN_STYLE = Automatic;
				CURRENT_PROJECT_VERSION = 1;
				DEVELOPMENT_ASSET_PATHS = "\"KEEP_v2/Preview Content\"";
				DEVELOPMENT_TEAM = ZTJ578GV68;
				ENABLE_PREVIEWS = YES;
				GENERATE_INFOPLIST_FILE = YES;
				INFOPLIST_FILE = "KEEP-v2-Info.plist";
				INFOPLIST_KEY_LSApplicationCategoryType = "public.app-category.education";
				INFOPLIST_KEY_UIApplicationSceneManifest_Generation = YES;
				INFOPLIST_KEY_UIApplicationSupportsIndirectInputEvents = YES;
				INFOPLIST_KEY_UILaunchScreen_Generation = YES;
				INFOPLIST_KEY_UISupportedInterfaceOrientations_iPad = "UIInterfaceOrientationPortrait UIInterfaceOrientationPortraitUpsideDown UIInterfaceOrientationLandscapeLeft UIInterfaceOrientationLandscapeRight";
				INFOPLIST_KEY_UISupportedInterfaceOrientations_iPhone = "UIInterfaceOrientationPortrait UIInterfaceOrientationLandscapeLeft UIInterfaceOrientationLandscapeRight";
				LD_RUNPATH_SEARCH_PATHS = (
					"$(inherited)",
					"@executable_path/Frameworks",
				);
				MARKETING_VERSION = 1.0;
				PRODUCT_BUNDLE_IDENTIFIER = com.bibiga.keepgoing;
				PRODUCT_NAME = "$(TARGET_NAME)";
				SWIFT_EMIT_LOC_STRINGS = YES;
				SWIFT_VERSION = 5.0;
				TARGETED_DEVICE_FAMILY = "1,2";
			};
			name = Release;
		};
/* End XCBuildConfiguration section */

/* Begin XCConfigurationList section */
		4D3A8A642C89A41400AF486F /* Build configuration list for PBXProject "KEEP_v2" */ = {
			isa = XCConfigurationList;
			buildConfigurations = (
				4D3A8A752C89A41600AF486F /* Debug */,
				4D3A8A762C89A41600AF486F /* Release */,
			);
			defaultConfigurationIsVisible = 0;
			defaultConfigurationName = Release;
		};
		4D3A8A772C89A41600AF486F /* Build configuration list for PBXNativeTarget "KEEP_v2" */ = {
			isa = XCConfigurationList;
			buildConfigurations = (
				4D3A8A782C89A41600AF486F /* Debug */,
				4D3A8A792C89A41600AF486F /* Release */,
			);
			defaultConfigurationIsVisible = 0;
			defaultConfigurationName = Release;
		};
/* End XCConfigurationList section */

/* Begin XCRemoteSwiftPackageReference section */
		4DB0AB9A2C8FC09000144483 /* XCRemoteSwiftPackageReference "Alamofire" */ = {
			isa = XCRemoteSwiftPackageReference;
			repositoryURL = "https://github.com/Alamofire/Alamofire";
			requirement = {
				kind = upToNextMajorVersion;
				minimumVersion = 5.9.1;
			};
		};
		60C65F082CB17F5D00591C24 /* XCRemoteSwiftPackageReference "SDWebImageSwiftUI" */ = {
			isa = XCRemoteSwiftPackageReference;
			repositoryURL = "https://github.com/SDWebImage/SDWebImageSwiftUI";
			requirement = {
				kind = upToNextMajorVersion;
				minimumVersion = 3.1.2;
			};
		};
/* End XCRemoteSwiftPackageReference section */

/* Begin XCSwiftPackageProductDependency section */
		4DB0AB9B2C8FC09000144483 /* Alamofire */ = {
			isa = XCSwiftPackageProductDependency;
			package = 4DB0AB9A2C8FC09000144483 /* XCRemoteSwiftPackageReference "Alamofire" */;
			productName = Alamofire;
		};
		60C65F092CB17F5D00591C24 /* SDWebImageSwiftUI */ = {
			isa = XCSwiftPackageProductDependency;
			package = 60C65F082CB17F5D00591C24 /* XCRemoteSwiftPackageReference "SDWebImageSwiftUI" */;
			productName = SDWebImageSwiftUI;
		};
/* End XCSwiftPackageProductDependency section */
	};
	rootObject = 4D3A8A612C89A41400AF486F /* Project object */;
}
